// !$*UTF8*$!
{
	archiveVersion = 1;
	classes = {
	};
	objectVersion = 46;
	objects = {

/* Begin PBXBuildFile section */
		185DCF941B5DF1C600FF269D /* Images.xcassets in Resources */ = {isa = PBXBuildFile; fileRef = 185DCF931B5DF1C600FF269D /* Images.xcassets */; };
		185DCF971B5DF1C600FF269D /* LaunchScreen.xib in Resources */ = {isa = PBXBuildFile; fileRef = 185DCF951B5DF1C600FF269D /* LaunchScreen.xib */; };
		185DCFA31B5DF1C600FF269D /* GoodForFoodTests.m in Sources */ = {isa = PBXBuildFile; fileRef = 185DCFA21B5DF1C600FF269D /* GoodForFoodTests.m */; };
		185DCFC91B5DF6EE00FF269D /* AppDelegate.m in Sources */ = {isa = PBXBuildFile; fileRef = 185DCFC71B5DF6EE00FF269D /* AppDelegate.m */; };
		185DCFCA1B5DF6EE00FF269D /* main.m in Sources */ = {isa = PBXBuildFile; fileRef = 185DCFC81B5DF6EE00FF269D /* main.m */; };
		185DCFD21B5DF92500FF269D /* NSObject+Model.m in Sources */ = {isa = PBXBuildFile; fileRef = 185DCFCD1B5DF92500FF269D /* NSObject+Model.m */; };
		185DCFD31B5DF92500FF269D /* UIImage+image.m in Sources */ = {isa = PBXBuildFile; fileRef = 185DCFCF1B5DF92500FF269D /* UIImage+image.m */; };
		185DCFD41B5DF92500FF269D /* UIView+Frame.m in Sources */ = {isa = PBXBuildFile; fileRef = 185DCFD11B5DF92500FF269D /* UIView+Frame.m */; };
		185DCFD81B5DFB7F00FF269D /* ZLMainController.m in Sources */ = {isa = PBXBuildFile; fileRef = 185DCFD71B5DFB7E00FF269D /* ZLMainController.m */; };
		185DCFDC1B5E215C00FF269D /* ZLMainPageViewController.m in Sources */ = {isa = PBXBuildFile; fileRef = 185DCFDB1B5E215C00FF269D /* ZLMainPageViewController.m */; };
		185DCFDF1B5E251800FF269D /* ZLNavigationController.m in Sources */ = {isa = PBXBuildFile; fileRef = 185DCFDE1B5E251800FF269D /* ZLNavigationController.m */; };
		185DD0211B5E2A9600FF269D /* ZLMyDetailController.m in Sources */ = {isa = PBXBuildFile; fileRef = 185DD01F1B5E2A9600FF269D /* ZLMyDetailController.m */; };
		185DD0221B5E2A9600FF269D /* ZLMyDetailController.xib in Resources */ = {isa = PBXBuildFile; fileRef = 185DD0201B5E2A9600FF269D /* ZLMyDetailController.xib */; };
		185DD0251B5E2AD200FF269D /* ZLFoodViewController.m in Sources */ = {isa = PBXBuildFile; fileRef = 185DD0241B5E2AD200FF269D /* ZLFoodViewController.m */; };
		185DD0281B5E2AF400FF269D /* ZLDiscoveryViewController.m in Sources */ = {isa = PBXBuildFile; fileRef = 185DD0271B5E2AF400FF269D /* ZLDiscoveryViewController.m */; };
		185DD02C1B5E2B9100FF269D /* ZLMessageViewController.m in Sources */ = {isa = PBXBuildFile; fileRef = 185DD02A1B5E2B9100FF269D /* ZLMessageViewController.m */; };
		185DD02D1B5E2B9100FF269D /* ZLMessageViewController.xib in Resources */ = {isa = PBXBuildFile; fileRef = 185DD02B1B5E2B9100FF269D /* ZLMessageViewController.xib */; };
		185DD0301B5E2DDC00FF269D /* ZLTabBar.m in Sources */ = {isa = PBXBuildFile; fileRef = 185DD02F1B5E2DDC00FF269D /* ZLTabBar.m */; };
		185DD0391B5E31A400FF269D /* ZLTabBarButton.m in Sources */ = {isa = PBXBuildFile; fileRef = 185DD0381B5E31A400FF269D /* ZLTabBarButton.m */; };
/* End PBXBuildFile section */

/* Begin PBXContainerItemProxy section */
		185DCF9D1B5DF1C600FF269D /* PBXContainerItemProxy */ = {
			isa = PBXContainerItemProxy;
			containerPortal = 185DCF7B1B5DF1C600FF269D /* Project object */;
			proxyType = 1;
			remoteGlobalIDString = 185DCF821B5DF1C600FF269D;
			remoteInfo = GoodForFood;
		};
/* End PBXContainerItemProxy section */

/* Begin PBXFileReference section */
		185DCF831B5DF1C600FF269D /* GoodForFood.app */ = {isa = PBXFileReference; explicitFileType = wrapper.application; includeInIndex = 0; path = GoodForFood.app; sourceTree = BUILT_PRODUCTS_DIR; };
		185DCF871B5DF1C600FF269D /* Info.plist */ = {isa = PBXFileReference; lastKnownFileType = text.plist.xml; path = Info.plist; sourceTree = "<group>"; };
		185DCF931B5DF1C600FF269D /* Images.xcassets */ = {isa = PBXFileReference; lastKnownFileType = folder.assetcatalog; path = Images.xcassets; sourceTree = "<group>"; };
		185DCF961B5DF1C600FF269D /* Base */ = {isa = PBXFileReference; lastKnownFileType = file.xib; name = Base; path = Base.lproj/LaunchScreen.xib; sourceTree = "<group>"; };
		185DCF9C1B5DF1C600FF269D /* GoodForFoodTests.xctest */ = {isa = PBXFileReference; explicitFileType = wrapper.cfbundle; includeInIndex = 0; path = GoodForFoodTests.xctest; sourceTree = BUILT_PRODUCTS_DIR; };
		185DCFA11B5DF1C600FF269D /* Info.plist */ = {isa = PBXFileReference; lastKnownFileType = text.plist.xml; path = Info.plist; sourceTree = "<group>"; };
		185DCFA21B5DF1C600FF269D /* GoodForFoodTests.m */ = {isa = PBXFileReference; lastKnownFileType = sourcecode.c.objc; path = GoodForFoodTests.m; sourceTree = "<group>"; };
		185DCFC61B5DF6EE00FF269D /* AppDelegate.h */ = {isa = PBXFileReference; fileEncoding = 4; lastKnownFileType = sourcecode.c.h; path = AppDelegate.h; sourceTree = "<group>"; };
		185DCFC71B5DF6EE00FF269D /* AppDelegate.m */ = {isa = PBXFileReference; fileEncoding = 4; lastKnownFileType = sourcecode.c.objc; path = AppDelegate.m; sourceTree = "<group>"; };
		185DCFC81B5DF6EE00FF269D /* main.m */ = {isa = PBXFileReference; fileEncoding = 4; lastKnownFileType = sourcecode.c.objc; path = main.m; sourceTree = "<group>"; };
		185DCFCC1B5DF92500FF269D /* NSObject+Model.h */ = {isa = PBXFileReference; fileEncoding = 4; lastKnownFileType = sourcecode.c.h; path = "NSObject+Model.h"; sourceTree = "<group>"; };
		185DCFCD1B5DF92500FF269D /* NSObject+Model.m */ = {isa = PBXFileReference; fileEncoding = 4; lastKnownFileType = sourcecode.c.objc; path = "NSObject+Model.m"; sourceTree = "<group>"; };
		185DCFCE1B5DF92500FF269D /* UIImage+image.h */ = {isa = PBXFileReference; fileEncoding = 4; lastKnownFileType = sourcecode.c.h; path = "UIImage+image.h"; sourceTree = "<group>"; };
		185DCFCF1B5DF92500FF269D /* UIImage+image.m */ = {isa = PBXFileReference; fileEncoding = 4; lastKnownFileType = sourcecode.c.objc; path = "UIImage+image.m"; sourceTree = "<group>"; };
		185DCFD01B5DF92500FF269D /* UIView+Frame.h */ = {isa = PBXFileReference; fileEncoding = 4; lastKnownFileType = sourcecode.c.h; path = "UIView+Frame.h"; sourceTree = "<group>"; };
		185DCFD11B5DF92500FF269D /* UIView+Frame.m */ = {isa = PBXFileReference; fileEncoding = 4; lastKnownFileType = sourcecode.c.objc; path = "UIView+Frame.m"; sourceTree = "<group>"; };
		185DCFD61B5DFB7E00FF269D /* ZLMainController.h */ = {isa = PBXFileReference; fileEncoding = 4; lastKnownFileType = sourcecode.c.h; path = ZLMainController.h; sourceTree = "<group>"; };
		185DCFD71B5DFB7E00FF269D /* ZLMainController.m */ = {isa = PBXFileReference; fileEncoding = 4; lastKnownFileType = sourcecode.c.objc; path = ZLMainController.m; sourceTree = "<group>"; };
		185DCFD91B5DFDFE00FF269D /* ZLPrefix.pch */ = {isa = PBXFileReference; fileEncoding = 4; lastKnownFileType = sourcecode.c.h; path = ZLPrefix.pch; sourceTree = "<group>"; };
		185DCFDA1B5E215C00FF269D /* ZLMainPageViewController.h */ = {isa = PBXFileReference; fileEncoding = 4; lastKnownFileType = sourcecode.c.h; path = ZLMainPageViewController.h; sourceTree = "<group>"; };
		185DCFDB1B5E215C00FF269D /* ZLMainPageViewController.m */ = {isa = PBXFileReference; fileEncoding = 4; lastKnownFileType = sourcecode.c.objc; path = ZLMainPageViewController.m; sourceTree = "<group>"; };
		185DCFDD1B5E251800FF269D /* ZLNavigationController.h */ = {isa = PBXFileReference; fileEncoding = 4; lastKnownFileType = sourcecode.c.h; path = ZLNavigationController.h; sourceTree = "<group>"; };
		185DCFDE1B5E251800FF269D /* ZLNavigationController.m */ = {isa = PBXFileReference; fileEncoding = 4; lastKnownFileType = sourcecode.c.objc; path = ZLNavigationController.m; sourceTree = "<group>"; };
		185DD01E1B5E2A9600FF269D /* ZLMyDetailController.h */ = {isa = PBXFileReference; fileEncoding = 4; lastKnownFileType = sourcecode.c.h; path = ZLMyDetailController.h; sourceTree = "<group>"; };
		185DD01F1B5E2A9600FF269D /* ZLMyDetailController.m */ = {isa = PBXFileReference; fileEncoding = 4; lastKnownFileType = sourcecode.c.objc; path = ZLMyDetailController.m; sourceTree = "<group>"; };
		185DD0201B5E2A9600FF269D /* ZLMyDetailController.xib */ = {isa = PBXFileReference; fileEncoding = 4; lastKnownFileType = file.xib; path = ZLMyDetailController.xib; sourceTree = "<group>"; };
		185DD0231B5E2AD200FF269D /* ZLFoodViewController.h */ = {isa = PBXFileReference; fileEncoding = 4; lastKnownFileType = sourcecode.c.h; path = ZLFoodViewController.h; sourceTree = "<group>"; };
		185DD0241B5E2AD200FF269D /* ZLFoodViewController.m */ = {isa = PBXFileReference; fileEncoding = 4; lastKnownFileType = sourcecode.c.objc; path = ZLFoodViewController.m; sourceTree = "<group>"; };
		185DD0261B5E2AF400FF269D /* ZLDiscoveryViewController.h */ = {isa = PBXFileReference; fileEncoding = 4; lastKnownFileType = sourcecode.c.h; path = ZLDiscoveryViewController.h; sourceTree = "<group>"; };
		185DD0271B5E2AF400FF269D /* ZLDiscoveryViewController.m */ = {isa = PBXFileReference; fileEncoding = 4; lastKnownFileType = sourcecode.c.objc; path = ZLDiscoveryViewController.m; sourceTree = "<group>"; };
		185DD0291B5E2B9100FF269D /* ZLMessageViewController.h */ = {isa = PBXFileReference; fileEncoding = 4; lastKnownFileType = sourcecode.c.h; path = ZLMessageViewController.h; sourceTree = "<group>"; };
		185DD02A1B5E2B9100FF269D /* ZLMessageViewController.m */ = {isa = PBXFileReference; fileEncoding = 4; lastKnownFileType = sourcecode.c.objc; path = ZLMessageViewController.m; sourceTree = "<group>"; };
		185DD02B1B5E2B9100FF269D /* ZLMessageViewController.xib */ = {isa = PBXFileReference; fileEncoding = 4; lastKnownFileType = file.xib; path = ZLMessageViewController.xib; sourceTree = "<group>"; };
		185DD02E1B5E2DDC00FF269D /* ZLTabBar.h */ = {isa = PBXFileReference; fileEncoding = 4; lastKnownFileType = sourcecode.c.h; path = ZLTabBar.h; sourceTree = "<group>"; };
		185DD02F1B5E2DDC00FF269D /* ZLTabBar.m */ = {isa = PBXFileReference; fileEncoding = 4; lastKnownFileType = sourcecode.c.objc; path = ZLTabBar.m; sourceTree = "<group>"; };
		185DD0371B5E31A400FF269D /* ZLTabBarButton.h */ = {isa = PBXFileReference; fileEncoding = 4; lastKnownFileType = sourcecode.c.h; path = ZLTabBarButton.h; sourceTree = "<group>"; };
		185DD0381B5E31A400FF269D /* ZLTabBarButton.m */ = {isa = PBXFileReference; fileEncoding = 4; lastKnownFileType = sourcecode.c.objc; path = ZLTabBarButton.m; sourceTree = "<group>"; };
/* End PBXFileReference section */

/* Begin PBXFrameworksBuildPhase section */
		185DCF801B5DF1C600FF269D /* Frameworks */ = {
			isa = PBXFrameworksBuildPhase;
			buildActionMask = 2147483647;
			files = (
			);
			runOnlyForDeploymentPostprocessing = 0;
		};
		185DCF991B5DF1C600FF269D /* Frameworks */ = {
			isa = PBXFrameworksBuildPhase;
			buildActionMask = 2147483647;
			files = (
			);
			runOnlyForDeploymentPostprocessing = 0;
		};
/* End PBXFrameworksBuildPhase section */

/* Begin PBXGroup section */
		185DCF7A1B5DF1C600FF269D = {
			isa = PBXGroup;
			children = (
				185DCF851B5DF1C600FF269D /* GoodForFood */,
				185DCF9F1B5DF1C600FF269D /* GoodForFoodTests */,
				185DCF841B5DF1C600FF269D /* Products */,
			);
			sourceTree = "<group>";
		};
		185DCF841B5DF1C600FF269D /* Products */ = {
			isa = PBXGroup;
			children = (
				185DCF831B5DF1C600FF269D /* GoodForFood.app */,
				185DCF9C1B5DF1C600FF269D /* GoodForFoodTests.xctest */,
			);
			name = Products;
			sourceTree = "<group>";
		};
		185DCF851B5DF1C600FF269D /* GoodForFood */ = {
			isa = PBXGroup;
			children = (
				185DCFAC1B5DF6EE00FF269D /* Class */,
				185DCF931B5DF1C600FF269D /* Images.xcassets */,
				185DCF951B5DF1C600FF269D /* LaunchScreen.xib */,
				185DCF861B5DF1C600FF269D /* Supporting Files */,
			);
			path = GoodForFood;
			sourceTree = "<group>";
		};
		185DCF861B5DF1C600FF269D /* Supporting Files */ = {
			isa = PBXGroup;
			children = (
				185DCF871B5DF1C600FF269D /* Info.plist */,
			);
			name = "Supporting Files";
			sourceTree = "<group>";
		};
		185DCF9F1B5DF1C600FF269D /* GoodForFoodTests */ = {
			isa = PBXGroup;
			children = (
				185DCFA21B5DF1C600FF269D /* GoodForFoodTests.m */,
				185DCFA01B5DF1C600FF269D /* Supporting Files */,
			);
			path = GoodForFoodTests;
			sourceTree = "<group>";
		};
		185DCFA01B5DF1C600FF269D /* Supporting Files */ = {
			isa = PBXGroup;
			children = (
				185DCFA11B5DF1C600FF269D /* Info.plist */,
			);
			name = "Supporting Files";
			sourceTree = "<group>";
		};
		185DCFAC1B5DF6EE00FF269D /* Class */ = {
			isa = PBXGroup;
			children = (
				185DCFAD1B5DF6EE00FF269D /* Discovery(发现) */,
				185DCFB11B5DF6EE00FF269D /* Food(料理) */,
				185DCFB51B5DF6EE00FF269D /* Main(主要) */,
				185DCFB91B5DF6EE00FF269D /* MainPage(首页) */,
				185DCFBD1B5DF6EE00FF269D /* Me(我的) */,
				185DCFC11B5DF6EE00FF269D /* Message(消息) */,
				185DCFC51B5DF6EE00FF269D /* Other */,
			);
			path = Class;
			sourceTree = "<group>";
		};
		185DCFAD1B5DF6EE00FF269D /* Discovery(发现) */ = {
			isa = PBXGroup;
			children = (
				185DCFAE1B5DF6EE00FF269D /* Controller */,
				185DCFAF1B5DF6EE00FF269D /* Model */,
				185DCFB01B5DF6EE00FF269D /* View */,
			);
			path = "Discovery(发现)";
			sourceTree = "<group>";
		};
		185DCFAE1B5DF6EE00FF269D /* Controller */ = {
			isa = PBXGroup;
			children = (
				185DD0261B5E2AF400FF269D /* ZLDiscoveryViewController.h */,
				185DD0271B5E2AF400FF269D /* ZLDiscoveryViewController.m */,
			);
			path = Controller;
			sourceTree = "<group>";
		};
		185DCFAF1B5DF6EE00FF269D /* Model */ = {
			isa = PBXGroup;
			children = (
			);
			path = Model;
			sourceTree = "<group>";
		};
		185DCFB01B5DF6EE00FF269D /* View */ = {
			isa = PBXGroup;
			children = (
			);
			path = View;
			sourceTree = "<group>";
		};
		185DCFB11B5DF6EE00FF269D /* Food(料理) */ = {
			isa = PBXGroup;
			children = (
				185DCFB21B5DF6EE00FF269D /* Controller */,
				185DCFB31B5DF6EE00FF269D /* Model */,
				185DCFB41B5DF6EE00FF269D /* View */,
			);
			path = "Food(料理)";
			sourceTree = "<group>";
		};
		185DCFB21B5DF6EE00FF269D /* Controller */ = {
			isa = PBXGroup;
			children = (
				185DD0231B5E2AD200FF269D /* ZLFoodViewController.h */,
				185DD0241B5E2AD200FF269D /* ZLFoodViewController.m */,
			);
			path = Controller;
			sourceTree = "<group>";
		};
		185DCFB31B5DF6EE00FF269D /* Model */ = {
			isa = PBXGroup;
			children = (
			);
			path = Model;
			sourceTree = "<group>";
		};
		185DCFB41B5DF6EE00FF269D /* View */ = {
			isa = PBXGroup;
			children = (
			);
			path = View;
			sourceTree = "<group>";
		};
		185DCFB51B5DF6EE00FF269D /* Main(主要) */ = {
			isa = PBXGroup;
			children = (
				185DCFB61B5DF6EE00FF269D /* Controller */,
				185DCFB71B5DF6EE00FF269D /* Model */,
				185DCFB81B5DF6EE00FF269D /* View */,
			);
			path = "Main(主要)";
			sourceTree = "<group>";
		};
		185DCFB61B5DF6EE00FF269D /* Controller */ = {
			isa = PBXGroup;
			children = (
				185DCFD61B5DFB7E00FF269D /* ZLMainController.h */,
				185DCFD71B5DFB7E00FF269D /* ZLMainController.m */,
				185DCFDD1B5E251800FF269D /* ZLNavigationController.h */,
				185DCFDE1B5E251800FF269D /* ZLNavigationController.m */,
			);
			path = Controller;
			sourceTree = "<group>";
		};
		185DCFB71B5DF6EE00FF269D /* Model */ = {
			isa = PBXGroup;
			children = (
			);
			path = Model;
			sourceTree = "<group>";
		};
		185DCFB81B5DF6EE00FF269D /* View */ = {
			isa = PBXGroup;
			children = (
				185DD02E1B5E2DDC00FF269D /* ZLTabBar.h */,
				185DD02F1B5E2DDC00FF269D /* ZLTabBar.m */,
				185DD0371B5E31A400FF269D /* ZLTabBarButton.h */,
				185DD0381B5E31A400FF269D /* ZLTabBarButton.m */,
			);
			path = View;
			sourceTree = "<group>";
		};
		185DCFB91B5DF6EE00FF269D /* MainPage(首页) */ = {
			isa = PBXGroup;
			children = (
				185DCFBA1B5DF6EE00FF269D /* Controller */,
				185DCFBB1B5DF6EE00FF269D /* Model */,
				185DCFBC1B5DF6EE00FF269D /* View */,
			);
			path = "MainPage(首页)";
			sourceTree = "<group>";
		};
		185DCFBA1B5DF6EE00FF269D /* Controller */ = {
			isa = PBXGroup;
			children = (
				185DCFDA1B5E215C00FF269D /* ZLMainPageViewController.h */,
				185DCFDB1B5E215C00FF269D /* ZLMainPageViewController.m */,
			);
			path = Controller;
			sourceTree = "<group>";
		};
		185DCFBB1B5DF6EE00FF269D /* Model */ = {
			isa = PBXGroup;
			children = (
			);
			path = Model;
			sourceTree = "<group>";
		};
		185DCFBC1B5DF6EE00FF269D /* View */ = {
			isa = PBXGroup;
			children = (
			);
			path = View;
			sourceTree = "<group>";
		};
		185DCFBD1B5DF6EE00FF269D /* Me(我的) */ = {
			isa = PBXGroup;
			children = (
				185DCFBE1B5DF6EE00FF269D /* Controller */,
				185DCFBF1B5DF6EE00FF269D /* Model */,
				185DCFC01B5DF6EE00FF269D /* View */,
			);
			path = "Me(我的)";
			sourceTree = "<group>";
		};
		185DCFBE1B5DF6EE00FF269D /* Controller */ = {
			isa = PBXGroup;
			children = (
				185DD01E1B5E2A9600FF269D /* ZLMyDetailController.h */,
				185DD01F1B5E2A9600FF269D /* ZLMyDetailController.m */,
				185DD0201B5E2A9600FF269D /* ZLMyDetailController.xib */,
			);
			path = Controller;
			sourceTree = "<group>";
		};
		185DCFBF1B5DF6EE00FF269D /* Model */ = {
			isa = PBXGroup;
			children = (
			);
			path = Model;
			sourceTree = "<group>";
		};
		185DCFC01B5DF6EE00FF269D /* View */ = {
			isa = PBXGroup;
			children = (
			);
			path = View;
			sourceTree = "<group>";
		};
		185DCFC11B5DF6EE00FF269D /* Message(消息) */ = {
			isa = PBXGroup;
			children = (
				185DCFC21B5DF6EE00FF269D /* Controller */,
				185DCFC31B5DF6EE00FF269D /* Model */,
				185DCFC41B5DF6EE00FF269D /* View */,
			);
			path = "Message(消息)";
			sourceTree = "<group>";
		};
		185DCFC21B5DF6EE00FF269D /* Controller */ = {
			isa = PBXGroup;
			children = (
				185DD0291B5E2B9100FF269D /* ZLMessageViewController.h */,
				185DD02A1B5E2B9100FF269D /* ZLMessageViewController.m */,
				185DD02B1B5E2B9100FF269D /* ZLMessageViewController.xib */,
			);
			path = Controller;
			sourceTree = "<group>";
		};
		185DCFC31B5DF6EE00FF269D /* Model */ = {
			isa = PBXGroup;
			children = (
			);
			path = Model;
			sourceTree = "<group>";
		};
		185DCFC41B5DF6EE00FF269D /* View */ = {
			isa = PBXGroup;
			children = (
			);
			path = View;
			sourceTree = "<group>";
		};
		185DCFC51B5DF6EE00FF269D /* Other */ = {
			isa = PBXGroup;
			children = (
				185DCFD91B5DFDFE00FF269D /* ZLPrefix.pch */,
				185DCFCB1B5DF92500FF269D /* Categoty */,
				185DCFC61B5DF6EE00FF269D /* AppDelegate.h */,
				185DCFC71B5DF6EE00FF269D /* AppDelegate.m */,
				185DCFC81B5DF6EE00FF269D /* main.m */,
			);
			path = Other;
			sourceTree = "<group>";
		};
		185DCFCB1B5DF92500FF269D /* Categoty */ = {
			isa = PBXGroup;
			children = (
				185DCFCC1B5DF92500FF269D /* NSObject+Model.h */,
				185DCFCD1B5DF92500FF269D /* NSObject+Model.m */,
				185DCFCE1B5DF92500FF269D /* UIImage+image.h */,
				185DCFCF1B5DF92500FF269D /* UIImage+image.m */,
				185DCFD01B5DF92500FF269D /* UIView+Frame.h */,
				185DCFD11B5DF92500FF269D /* UIView+Frame.m */,
			);
			path = Categoty;
			sourceTree = "<group>";
		};
/* End PBXGroup section */

/* Begin PBXNativeTarget section */
		185DCF821B5DF1C600FF269D /* GoodForFood */ = {
			isa = PBXNativeTarget;
			buildConfigurationList = 185DCFA61B5DF1C600FF269D /* Build configuration list for PBXNativeTarget "GoodForFood" */;
			buildPhases = (
				185DCF7F1B5DF1C600FF269D /* Sources */,
				185DCF801B5DF1C600FF269D /* Frameworks */,
				185DCF811B5DF1C600FF269D /* Resources */,
			);
			buildRules = (
			);
			dependencies = (
			);
			name = GoodForFood;
			productName = GoodForFood;
			productReference = 185DCF831B5DF1C600FF269D /* GoodForFood.app */;
			productType = "com.apple.product-type.application";
		};
		185DCF9B1B5DF1C600FF269D /* GoodForFoodTests */ = {
			isa = PBXNativeTarget;
			buildConfigurationList = 185DCFA91B5DF1C600FF269D /* Build configuration list for PBXNativeTarget "GoodForFoodTests" */;
			buildPhases = (
				185DCF981B5DF1C600FF269D /* Sources */,
				185DCF991B5DF1C600FF269D /* Frameworks */,
				185DCF9A1B5DF1C600FF269D /* Resources */,
			);
			buildRules = (
			);
			dependencies = (
				185DCF9E1B5DF1C600FF269D /* PBXTargetDependency */,
			);
			name = GoodForFoodTests;
			productName = GoodForFoodTests;
			productReference = 185DCF9C1B5DF1C600FF269D /* GoodForFoodTests.xctest */;
			productType = "com.apple.product-type.bundle.unit-test";
		};
/* End PBXNativeTarget section */

/* Begin PBXProject section */
		185DCF7B1B5DF1C600FF269D /* Project object */ = {
			isa = PBXProject;
			attributes = {
				CLASSPREFIX = ZL;
				LastUpgradeCheck = 0610;
				ORGANIZATIONNAME = apple;
				TargetAttributes = {
					185DCF821B5DF1C600FF269D = {
						CreatedOnToolsVersion = 6.1.1;
					};
					185DCF9B1B5DF1C600FF269D = {
						CreatedOnToolsVersion = 6.1.1;
						TestTargetID = 185DCF821B5DF1C600FF269D;
					};
				};
			};
			buildConfigurationList = 185DCF7E1B5DF1C600FF269D /* Build configuration list for PBXProject "GoodForFood" */;
			compatibilityVersion = "Xcode 3.2";
			developmentRegion = English;
			hasScannedForEncodings = 0;
			knownRegions = (
				en,
				Base,
			);
			mainGroup = 185DCF7A1B5DF1C600FF269D;
			productRefGroup = 185DCF841B5DF1C600FF269D /* Products */;
			projectDirPath = "";
			projectRoot = "";
			targets = (
				185DCF821B5DF1C600FF269D /* GoodForFood */,
				185DCF9B1B5DF1C600FF269D /* GoodForFoodTests */,
			);
		};
/* End PBXProject section */

/* Begin PBXResourcesBuildPhase section */
		185DCF811B5DF1C600FF269D /* Resources */ = {
			isa = PBXResourcesBuildPhase;
			buildActionMask = 2147483647;
			files = (
				185DCF971B5DF1C600FF269D /* LaunchScreen.xib in Resources */,
				185DD0221B5E2A9600FF269D /* ZLMyDetailController.xib in Resources */,
				185DD02D1B5E2B9100FF269D /* ZLMessageViewController.xib in Resources */,
				185DCF941B5DF1C600FF269D /* Images.xcassets in Resources */,
			);
			runOnlyForDeploymentPostprocessing = 0;
		};
		185DCF9A1B5DF1C600FF269D /* Resources */ = {
			isa = PBXResourcesBuildPhase;
			buildActionMask = 2147483647;
			files = (
			);
			runOnlyForDeploymentPostprocessing = 0;
		};
/* End PBXResourcesBuildPhase section */

/* Begin PBXSourcesBuildPhase section */
		185DCF7F1B5DF1C600FF269D /* Sources */ = {
			isa = PBXSourcesBuildPhase;
			buildActionMask = 2147483647;
			files = (
				185DCFD41B5DF92500FF269D /* UIView+Frame.m in Sources */,
				185DD0391B5E31A400FF269D /* ZLTabBarButton.m in Sources */,
				185DCFC91B5DF6EE00FF269D /* AppDelegate.m in Sources */,
				185DD0281B5E2AF400FF269D /* ZLDiscoveryViewController.m in Sources */,
				185DD0301B5E2DDC00FF269D /* ZLTabBar.m in Sources */,
				185DD0251B5E2AD200FF269D /* ZLFoodViewController.m in Sources */,
				185DCFD81B5DFB7F00FF269D /* ZLMainController.m in Sources */,
				185DD0211B5E2A9600FF269D /* ZLMyDetailController.m in Sources */,
				185DD02C1B5E2B9100FF269D /* ZLMessageViewController.m in Sources */,
				185DCFCA1B5DF6EE00FF269D /* main.m in Sources */,
				185DCFDC1B5E215C00FF269D /* ZLMainPageViewController.m in Sources */,
				185DCFDF1B5E251800FF269D /* ZLNavigationController.m in Sources */,
				185DCFD31B5DF92500FF269D /* UIImage+image.m in Sources */,
				185DCFD21B5DF92500FF269D /* NSObject+Model.m in Sources */,
			);
			runOnlyForDeploymentPostprocessing = 0;
		};
		185DCF981B5DF1C600FF269D /* Sources */ = {
			isa = PBXSourcesBuildPhase;
			buildActionMask = 2147483647;
			files = (
				185DCFA31B5DF1C600FF269D /* GoodForFoodTests.m in Sources */,
			);
			runOnlyForDeploymentPostprocessing = 0;
		};
/* End PBXSourcesBuildPhase section */

/* Begin PBXTargetDependency section */
		185DCF9E1B5DF1C600FF269D /* PBXTargetDependency */ = {
			isa = PBXTargetDependency;
			target = 185DCF821B5DF1C600FF269D /* GoodForFood */;
			targetProxy = 185DCF9D1B5DF1C600FF269D /* PBXContainerItemProxy */;
		};
/* End PBXTargetDependency section */

/* Begin PBXVariantGroup section */
		185DCF951B5DF1C600FF269D /* LaunchScreen.xib */ = {
			isa = PBXVariantGroup;
			children = (
				185DCF961B5DF1C600FF269D /* Base */,
			);
			name = LaunchScreen.xib;
			sourceTree = "<group>";
		};
/* End PBXVariantGroup section */

/* Begin XCBuildConfiguration section */
		185DCFA41B5DF1C600FF269D /* Debug */ = {
			isa = XCBuildConfiguration;
			buildSettings = {
				ALWAYS_SEARCH_USER_PATHS = NO;
				CLANG_CXX_LANGUAGE_STANDARD = "gnu++0x";
				CLANG_CXX_LIBRARY = "libc++";
				CLANG_ENABLE_MODULES = YES;
				CLANG_ENABLE_OBJC_ARC = YES;
				CLANG_WARN_BOOL_CONVERSION = YES;
				CLANG_WARN_CONSTANT_CONVERSION = YES;
				CLANG_WARN_DIRECT_OBJC_ISA_USAGE = YES_ERROR;
				CLANG_WARN_EMPTY_BODY = YES;
				CLANG_WARN_ENUM_CONVERSION = YES;
				CLANG_WARN_INT_CONVERSION = YES;
				CLANG_WARN_OBJC_ROOT_CLASS = YES_ERROR;
				CLANG_WARN_UNREACHABLE_CODE = YES;
				CLANG_WARN__DUPLICATE_METHOD_MATCH = YES;
				"CODE_SIGN_IDENTITY[sdk=iphoneos*]" = "iPhone Developer";
				COPY_PHASE_STRIP = NO;
				ENABLE_STRICT_OBJC_MSGSEND = YES;
				GCC_C_LANGUAGE_STANDARD = gnu99;
				GCC_DYNAMIC_NO_PIC = NO;
				GCC_OPTIMIZATION_LEVEL = 0;
				GCC_PREPROCESSOR_DEFINITIONS = (
					"DEBUG=1",
					"$(inherited)",
				);
				GCC_SYMBOLS_PRIVATE_EXTERN = NO;
				GCC_WARN_64_TO_32_BIT_CONVERSION = YES;
				GCC_WARN_ABOUT_RETURN_TYPE = YES_ERROR;
				GCC_WARN_UNDECLARED_SELECTOR = YES;
				GCC_WARN_UNINITIALIZED_AUTOS = YES_AGGRESSIVE;
				GCC_WARN_UNUSED_FUNCTION = YES;
				GCC_WARN_UNUSED_VARIABLE = YES;
				IPHONEOS_DEPLOYMENT_TARGET = 8.1;
				MTL_ENABLE_DEBUG_INFO = YES;
				ONLY_ACTIVE_ARCH = YES;
				SDKROOT = iphoneos;
				TARGETED_DEVICE_FAMILY = "1,2";
			};
			name = Debug;
		};
		185DCFA51B5DF1C600FF269D /* Release */ = {
			isa = XCBuildConfiguration;
			buildSettings = {
				ALWAYS_SEARCH_USER_PATHS = NO;
				CLANG_CXX_LANGUAGE_STANDARD = "gnu++0x";
				CLANG_CXX_LIBRARY = "libc++";
				CLANG_ENABLE_MODULES = YES;
				CLANG_ENABLE_OBJC_ARC = YES;
				CLANG_WARN_BOOL_CONVERSION = YES;
				CLANG_WARN_CONSTANT_CONVERSION = YES;
				CLANG_WARN_DIRECT_OBJC_ISA_USAGE = YES_ERROR;
				CLANG_WARN_EMPTY_BODY = YES;
				CLANG_WARN_ENUM_CONVERSION = YES;
				CLANG_WARN_INT_CONVERSION = YES;
				CLANG_WARN_OBJC_ROOT_CLASS = YES_ERROR;
				CLANG_WARN_UNREACHABLE_CODE = YES;
				CLANG_WARN__DUPLICATE_METHOD_MATCH = YES;
				"CODE_SIGN_IDENTITY[sdk=iphoneos*]" = "iPhone Developer";
				COPY_PHASE_STRIP = YES;
				ENABLE_NS_ASSERTIONS = NO;
				ENABLE_STRICT_OBJC_MSGSEND = YES;
				GCC_C_LANGUAGE_STANDARD = gnu99;
				GCC_WARN_64_TO_32_BIT_CONVERSION = YES;
				GCC_WARN_ABOUT_RETURN_TYPE = YES_ERROR;
				GCC_WARN_UNDECLARED_SELECTOR = YES;
				GCC_WARN_UNINITIALIZED_AUTOS = YES_AGGRESSIVE;
				GCC_WARN_UNUSED_FUNCTION = YES;
				GCC_WARN_UNUSED_VARIABLE = YES;
				IPHONEOS_DEPLOYMENT_TARGET = 8.1;
				MTL_ENABLE_DEBUG_INFO = NO;
				SDKROOT = iphoneos;
				TARGETED_DEVICE_FAMILY = "1,2";
				VALIDATE_PRODUCT = YES;
			};
			name = Release;
		};
		185DCFA71B5DF1C600FF269D /* Debug */ = {
			isa = XCBuildConfiguration;
			buildSettings = {
				ASSETCATALOG_COMPILER_APPICON_NAME = AppIcon;
				GCC_PRECOMPILE_PREFIX_HEADER = YES;
				GCC_PREFIX_HEADER = GoodForFood/Class/Other/ZLPrefix.pch;
				INFOPLIST_FILE = GoodForFood/Info.plist;
				LD_RUNPATH_SEARCH_PATHS = "$(inherited) @executable_path/Frameworks";
				PRODUCT_NAME = "$(TARGET_NAME)";
			};
			name = Debug;
		};
		185DCFA81B5DF1C600FF269D /* Release */ = {
			isa = XCBuildConfiguration;
			buildSettings = {
				ASSETCATALOG_COMPILER_APPICON_NAME = AppIcon;
				GCC_PRECOMPILE_PREFIX_HEADER = YES;
				GCC_PREFIX_HEADER = GoodForFood/Class/Other/ZLPrefix.pch;
				INFOPLIST_FILE = GoodForFood/Info.plist;
				LD_RUNPATH_SEARCH_PATHS = "$(inherited) @executable_path/Frameworks";
				PRODUCT_NAME = "$(TARGET_NAME)";
			};
			name = Release;
		};
		185DCFAA1B5DF1C600FF269D /* Debug */ = {
			isa = XCBuildConfiguration;
			buildSettings = {
				BUNDLE_LOADER = "$(TEST_HOST)";
				FRAMEWORK_SEARCH_PATHS = (
					"$(SDKROOT)/Developer/Library/Frameworks",
					"$(inherited)",
				);
				GCC_PREPROCESSOR_DEFINITIONS = (
					"DEBUG=1",
					"$(inherited)",
				);
				INFOPLIST_FILE = GoodForFoodTests/Info.plist;
				LD_RUNPATH_SEARCH_PATHS = "$(inherited) @executable_path/Frameworks @loader_path/Frameworks";
				PRODUCT_NAME = "$(TARGET_NAME)";
				TEST_HOST = "$(BUILT_PRODUCTS_DIR)/GoodForFood.app/GoodForFood";
			};
			name = Debug;
		};
		185DCFAB1B5DF1C600FF269D /* Release */ = {
			isa = XCBuildConfiguration;
			buildSettings = {
				BUNDLE_LOADER = "$(TEST_HOST)";
				FRAMEWORK_SEARCH_PATHS = (
					"$(SDKROOT)/Developer/Library/Frameworks",
					"$(inherited)",
				);
				INFOPLIST_FILE = GoodForFoodTests/Info.plist;
				LD_RUNPATH_SEARCH_PATHS = "$(inherited) @executable_path/Frameworks @loader_path/Frameworks";
				PRODUCT_NAME = "$(TARGET_NAME)";
				TEST_HOST = "$(BUILT_PRODUCTS_DIR)/GoodForFood.app/GoodForFood";
			};
			name = Release;
		};
/* End XCBuildConfiguration section */

/* Begin XCConfigurationList section */
		185DCF7E1B5DF1C600FF269D /* Build configuration list for PBXProject "GoodForFood" */ = {
			isa = XCConfigurationList;
			buildConfigurations = (
				185DCFA41B5DF1C600FF269D /* Debug */,
				185DCFA51B5DF1C600FF269D /* Release */,
			);
			defaultConfigurationIsVisible = 0;
			defaultConfigurationName = Release;
		};
		185DCFA61B5DF1C600FF269D /* Build configuration list for PBXNativeTarget "GoodForFood" */ = {
			isa = XCConfigurationList;
			buildConfigurations = (
				185DCFA71B5DF1C600FF269D /* Debug */,
				185DCFA81B5DF1C600FF269D /* Release */,
			);
			defaultConfigurationIsVisible = 0;
		};
		185DCFA91B5DF1C600FF269D /* Build configuration list for PBXNativeTarget "GoodForFoodTests" */ = {
			isa = XCConfigurationList;
			buildConfigurations = (
				185DCFAA1B5DF1C600FF269D /* Debug */,
				185DCFAB1B5DF1C600FF269D /* Release */,
			);
			defaultConfigurationIsVisible = 0;
		};
/* End XCConfigurationList section */
	};
	rootObject = 185DCF7B1B5DF1C600FF269D /* Project object */;
}
